{
  "name": "@escook/express-joi",
  "version": "1.1.1",
  "lockfileVersion": 2,
  "requires": true,
  "packages": {
    "": {
      "name": "@escook/express-joi",
      "version": "1.1.1",
      "license": "ISC",
      "dependencies": {
        "joi": "^17.4.0"
      }
    },
    "node_modules/@hapi/hoek": {
      "version": "9.2.0",
      "resolved": "https://registry.npm.taobao.org/@hapi/hoek/download/@hapi/hoek-9.2.0.tgz",
      "integrity": "sha1-85M6RONlhk9NrV25QVgQbVEegTE="
    },
    "node_modules/@hapi/topo": {
      "version": "5.0.0",
      "resolved": "https://registry.npm.taobao.org/@hapi/topo/download/@hapi/topo-5.0.0.tgz",
      "integrity": "sha1-wZr4V3+jk6BunHe2CZWvlZvnIec=",
      "dependencies": {
        "@hapi/hoek": "^9.0.0"
      }
    },
    "node_modules/@sideway/address": {
      "version": "4.1.2",
      "resolved": "https://registry.nlark.com/@sideway/address/download/@sideway/address-4.1.2.tgz?cache=0&sync_timestamp=1620368666548&other_urls=https%3A%2F%2Fregistry.nlark.com%2F%40sideway%2Faddress%2Fdownload%2F%40sideway%2Faddress-4.1.2.tgz",
      "integrity": "sha1-gRuEMzozVznTlpz8Q0c2JoFwytE=",
      "dependencies": {
        "@hapi/hoek": "^9.0.0"
      }
    },
    "node_modules/@sideway/formula": {
      "version": "3.0.1",
      "resolved": "https://registry.npmjs.org/@sideway/formula/-/formula-3.0.1.tgz",
      "integrity": "sha512-/poHZJJVjx3L+zVD6g9KgHfYnb443oi7wLu/XKojDviHy6HOEOA6z1Trk5aR1dGcmPenJEgb2sK2I80LeS3MIg=="
    },
    "node_modules/@sideway/pinpoint": {
      "version": "2.0.0",
      "resolved": "https://registry.npm.taobao.org/@sideway/pinpoint/download/@sideway/pinpoint-2.0.0.tgz",
      "integrity": "sha1-z/j/rcNyrSn9P3gneusp5jLMcN8="
    },
    "node_modules/joi": {
      "version": "17.4.0",
      "resolved": "https://registry.nlark.com/joi/download/joi-17.4.0.tgz",
      "integrity": "sha1-tcInfIUZ4BYxbkmrq9QaGQjZ7yA=",
      "dependencies": {
        "@hapi/hoek": "^9.0.0",
        "@hapi/topo": "^5.0.0",
        "@sideway/address": "^4.1.0",
        "@sideway/formula": "^3.0.0",
        "@sideway/pinpoint": "^2.0.0"
      }
    }
  },
  "dependencies": {
    "@hapi/hoek": {
      "version": "9.2.0",
      "resolved": "https://registry.npm.taobao.org/@hapi/hoek/download/@hapi/hoek-9.2.0.tgz",
      "integrity": "sha1-85M6RONlhk9NrV25QVgQbVEegTE="
    },
    "@hapi/topo": {
      "version": "5.0.0",
      "resolved": "https://registry.npm.taobao.org/@hapi/topo/download/@hapi/topo-5.0.0.tgz",
      "integrity": "sha1-wZr4V3+jk6BunHe2CZWvlZvnIec=",
      "requires": {
        "@hapi/hoek": "^9.0.0"
      }
    },
    "@sideway/address": {
      "version": "4.1.2",
      "resolved": "https://registry.nlark.com/@sideway/address/download/@sideway/address-4.1.2.tgz?cache=0&sync_timestamp=1620368666548&other_urls=https%3A%2F%2Fregistry.nlark.com%2F%40sideway%2Faddress%2Fdownload%2F%40sideway%2Faddress-4.1.2.tgz",
      "integrity": "sha1-gRuEMzozVznTlpz8Q0c2JoFwytE=",
      "requires": {
        "@hapi/hoek": "^9.0.0"
      }
    },
    "@sideway/formula": {
      "version": "3.0.1",
      "resolved": "https://registry.npmjs.org/@sideway/formula/-/formula-3.0.1.tgz",
      "integrity": "sha512-/poHZJJVjx3L+zVD6g9KgHfYnb443oi7wLu/XKojDviHy6HOEOA6z1Trk5aR1dGcmPenJEgb2sK2I80LeS3MIg=="
    },
    "@sideway/pinpoint": {
      "version": "2.0.0",
      "resolved": "https://registry.npm.taobao.org/@sideway/pinpoint/download/@sideway/pinpoint-2.0.0.tgz",
      "integrity": "sha1-z/j/rcNyrSn9P3gneusp5jLMcN8="
    },
    "joi": {
      "version": "17.4.0",
      "resolved": "https://registry.nlark.com/joi/download/joi-17.4.0.tgz",
      "integrity": "sha1-tcInfIUZ4BYxbkmrq9QaGQjZ7yA=",
      "requires": {
        "@hapi/hoek": "^9.0.0",
        "@hapi/topo": "^5.0.0",
        "@sideway/address": "^4.1.0",
        "@sideway/formula": "^3.0.0",
        "@sideway/pinpoint": "^2.0.0"
      }
    }
  }
}
