{
  "name": "@escook/express-joi",
  "version": "1.0.0",
  "lockfileVersion": 1,
  "requires": true,
  "dependencies": {
    "@hapi/address": {
      "version": "4.0.0",
      "resolved": "https://registry.npm.taobao.org/@hapi/address/download/@hapi/address-4.0.0.tgz",
      "integrity": "sha1-Nq/7RQm1pq3GKLzDlEUPKn1R0RE=",
      "requires": {
        "@hapi/hoek": "^9.0.0"
      }
    },
    "@hapi/formula": {
      "version": "2.0.0",
      "resolved": "https://registry.npm.taobao.org/@hapi/formula/download/@hapi/formula-2.0.0.tgz",
      "integrity": "sha1-7a3gYZ7VjI5PFk8jPNpwIR54cSg="
    },
    "@hapi/hoek": {
      "version": "9.0.3",
      "resolved": "https://registry.npm.taobao.org/@hapi/hoek/download/@hapi/hoek-9.0.3.tgz",
      "integrity": "sha1-5J5jfV3o+qTw0xPCWQtFXXwAr9c="
    },
    "@hapi/joi": {
      "version": "17.1.0",
      "resolved": "https://registry.npm.taobao.org/@hapi/joi/download/@hapi/joi-17.1.0.tgz",
      "integrity": "sha1-zEAAtskopqObm+8JIVG2ve4QzlU=",
      "requires": {
        "@hapi/address": "^4.0.0",
        "@hapi/formula": "^2.0.0",
        "@hapi/hoek": "^9.0.0",
        "@hapi/pinpoint": "^2.0.0",
        "@hapi/topo": "^5.0.0"
      }
    },
    "@hapi/pinpoint": {
      "version": "2.0.0",
      "resolved": "https://registry.npm.taobao.org/@hapi/pinpoint/download/@hapi/pinpoint-2.0.0.tgz",
      "integrity": "sha1-gFtA1NvsBPwRanMIlJTgDwc96N8="
    },
    "@hapi/topo": {
      "version": "5.0.0",
      "resolved": "https://registry.npm.taobao.org/@hapi/topo/download/@hapi/topo-5.0.0.tgz",
      "integrity": "sha1-wZr4V3+jk6BunHe2CZWvlZvnIec=",
      "requires": {
        "@hapi/hoek": "^9.0.0"
      }
    }
  }
}
